// !$*UTF8*$!
{
	archiveVersion = 1;
	classes = {
	};
	objectVersion = 56;
	objects = {

/* Begin PBXBuildFile section */
		7D47A16F28846B100000B4F0 /* Plant_app_swiftuiApp.swift in Sources */ = {isa = PBXBuildFile; fileRef = 7D47A16E28846B100000B4F0 /* Plant_app_swiftuiApp.swift */; };
		7D47A17128846B100000B4F0 /* ContentView.swift in Sources */ = {isa = PBXBuildFile; fileRef = 7D47A17028846B100000B4F0 /* ContentView.swift */; };
		7D47A17328846B110000B4F0 /* Assets.xcassets in Resources */ = {isa = PBXBuildFile; fileRef = 7D47A17228846B110000B4F0 /* Assets.xcassets */; };
		7D47A17628846B110000B4F0 /* Preview Assets.xcassets in Resources */ = {isa = PBXBuildFile; fileRef = 7D47A17528846B110000B4F0 /* Preview Assets.xcassets */; };
		7D47A18028846B110000B4F0 /* Plant_app_swiftuiTests.swift in Sources */ = {isa = PBXBuildFile; fileRef = 7D47A17F28846B110000B4F0 /* Plant_app_swiftuiTests.swift */; };
		7D47A18A28846B110000B4F0 /* Plant_app_swiftuiUITests.swift in Sources */ = {isa = PBXBuildFile; fileRef = 7D47A18928846B110000B4F0 /* Plant_app_swiftuiUITests.swift */; };
		7D47A18C28846B110000B4F0 /* Plant_app_swiftuiUITestsLaunchTests.swift in Sources */ = {isa = PBXBuildFile; fileRef = 7D47A18B28846B110000B4F0 /* Plant_app_swiftuiUITestsLaunchTests.swift */; };
		7DC3194D28848D750059B114 /* WelcomeScreenView.swift in Sources */ = {isa = PBXBuildFile; fileRef = 7DC3194C28848D750059B114 /* WelcomeScreenView.swift */; };
		7DC3194F28848DBA0059B114 /* HomeScreenView.swift in Sources */ = {isa = PBXBuildFile; fileRef = 7DC3194E28848DBA0059B114 /* HomeScreenView.swift */; };
/* End PBXBuildFile section */

/* Begin PBXContainerItemProxy section */
		7D47A17C28846B110000B4F0 /* PBXContainerItemProxy */ = {
			isa = PBXContainerItemProxy;
			containerPortal = 7D47A16328846B100000B4F0 /* Project object */;
			proxyType = 1;
			remoteGlobalIDString = 7D47A16A28846B100000B4F0;
			remoteInfo = "Plant-app-swiftui";
		};
		7D47A18628846B110000B4F0 /* PBXContainerItemProxy */ = {
			isa = PBXContainerItemProxy;
			containerPortal = 7D47A16328846B100000B4F0 /* Project object */;
			proxyType = 1;
			remoteGlobalIDString = 7D47A16A28846B100000B4F0;
			remoteInfo = "Plant-app-swiftui";
		};
/* End PBXContainerItemProxy section */

/* Begin PBXFileReference section */
		7D47A16B28846B100000B4F0 /* Plant-app-swiftui.app */ = {isa = PBXFileReference; explicitFileType = wrapper.application; includeInIndex = 0; path = "Plant-app-swiftui.app"; sourceTree = BUILT_PRODUCTS_DIR; };
		7D47A16E28846B100000B4F0 /* Plant_app_swiftuiApp.swift */ = {isa = PBXFileReference; lastKnownFileType = sourcecode.swift; path = Plant_app_swiftuiApp.swift; sourceTree = "<group>"; };
		7D47A17028846B100000B4F0 /* ContentView.swift */ = {isa = PBXFileReference; lastKnownFileType = sourcecode.swift; path = ContentView.swift; sourceTree = "<group>"; };
		7D47A17228846B110000B4F0 /* Assets.xcassets */ = {isa = PBXFileReference; lastKnownFileType = folder.assetcatalog; path = Assets.xcassets; sourceTree = "<group>"; };
		7D47A17528846B110000B4F0 /* Preview Assets.xcassets */ = {isa = PBXFileReference; lastKnownFileType = folder.assetcatalog; path = "Preview Assets.xcassets"; sourceTree = "<group>"; };
		7D47A17B28846B110000B4F0 /* Plant-app-swiftuiTests.xctest */ = {isa = PBXFileReference; explicitFileType = wrapper.cfbundle; includeInIndex = 0; path = "Plant-app-swiftuiTests.xctest"; sourceTree = BUILT_PRODUCTS_DIR; };
		7D47A17F28846B110000B4F0 /* Plant_app_swiftuiTests.swift */ = {isa = PBXFileReference; lastKnownFileType = sourcecode.swift; path = Plant_app_swiftuiTests.swift; sourceTree = "<group>"; };
		7D47A18528846B110000B4F0 /* Plant-app-swiftuiUITests.xctest */ = {isa = PBXFileReference; explicitFileType = wrapper.cfbundle; includeInIndex = 0; path = "Plant-app-swiftuiUITests.xctest"; sourceTree = BUILT_PRODUCTS_DIR; };
		7D47A18928846B110000B4F0 /* Plant_app_swiftuiUITests.swift */ = {isa = PBXFileReference; lastKnownFileType = sourcecode.swift; path = Plant_app_swiftuiUITests.swift; sourceTree = "<group>"; };
		7D47A18B28846B110000B4F0 /* Plant_app_swiftuiUITestsLaunchTests.swift */ = {isa = PBXFileReference; lastKnownFileType = sourcecode.swift; path = Plant_app_swiftuiUITestsLaunchTests.swift; sourceTree = "<group>"; };
		7DC3194C28848D750059B114 /* WelcomeScreenView.swift */ = {isa = PBXFileReference; lastKnownFileType = sourcecode.swift; path = WelcomeScreenView.swift; sourceTree = "<group>"; };
		7DC3194E28848DBA0059B114 /* HomeScreenView.swift */ = {isa = PBXFileReference; lastKnownFileType = sourcecode.swift; path = HomeScreenView.swift; sourceTree = "<group>"; };
/* End PBXFileReference section */

/* Begin PBXFrameworksBuildPhase section */
		7D47A16828846B100000B4F0 /* Frameworks */ = {
			isa = PBXFrameworksBuildPhase;
			buildActionMask = 2147483647;
			files = (
			);
			runOnlyForDeploymentPostprocessing = 0;
		};
		7D47A17828846B110000B4F0 /* Frameworks */ = {
			isa = PBXFrameworksBuildPhase;
			buildActionMask = 2147483647;
			files = (
			);
			runOnlyForDeploymentPostprocessing = 0;
		};
		7D47A18228846B110000B4F0 /* Frameworks */ = {
			isa = PBXFrameworksBuildPhase;
			buildActionMask = 2147483647;
			files = (
			);
			runOnlyForDeploymentPostprocessing = 0;
		};
/* End PBXFrameworksBuildPhase section */

/* Begin PBXGroup section */
		7D47A16228846B100000B4F0 = {
			isa = PBXGroup;
			children = (
				7D47A16D28846B100000B4F0 /* Plant-app-swiftui */,
				7D47A17E28846B110000B4F0 /* Plant-app-swiftuiTests */,
				7D47A18828846B110000B4F0 /* Plant-app-swiftuiUITests */,
				7D47A16C28846B100000B4F0 /* Products */,
			);
			sourceTree = "<group>";
		};
		7D47A16C28846B100000B4F0 /* Products */ = {
			isa = PBXGroup;
			children = (
				7D47A16B28846B100000B4F0 /* Plant-app-swiftui.app */,
				7D47A17B28846B110000B4F0 /* Plant-app-swiftuiTests.xctest */,
				7D47A18528846B110000B4F0 /* Plant-app-swiftuiUITests.xctest */,
			);
			name = Products;
			sourceTree = "<group>";
		};
		7D47A16D28846B100000B4F0 /* Plant-app-swiftui */ = {
			isa = PBXGroup;
			children = (
				7DC3194B28848D6A0059B114 /* Views */,
				7D47A16E28846B100000B4F0 /* Plant_app_swiftuiApp.swift */,
				7D47A17028846B100000B4F0 /* ContentView.swift */,
				7D47A17228846B110000B4F0 /* Assets.xcassets */,
				7D47A17428846B110000B4F0 /* Preview Content */,
			);
			path = "Plant-app-swiftui";
			sourceTree = "<group>";
		};
		7D47A17428846B110000B4F0 /* Preview Content */ = {
			isa = PBXGroup;
			children = (
				7D47A17528846B110000B4F0 /* Preview Assets.xcassets */,
			);
			path = "Preview Content";
			sourceTree = "<group>";
		};
		7D47A17E28846B110000B4F0 /* Plant-app-swiftuiTests */ = {
			isa = PBXGroup;
			children = (
				7D47A17F28846B110000B4F0 /* Plant_app_swiftuiTests.swift */,
			);
			path = "Plant-app-swiftuiTests";
			sourceTree = "<group>";
		};
		7D47A18828846B110000B4F0 /* Plant-app-swiftuiUITests */ = {
			isa = PBXGroup;
			children = (
				7D47A18928846B110000B4F0 /* Plant_app_swiftuiUITests.swift */,
				7D47A18B28846B110000B4F0 /* Plant_app_swiftuiUITestsLaunchTests.swift */,
			);
			path = "Plant-app-swiftuiUITests";
			sourceTree = "<group>";
		};
		7DC3194B28848D6A0059B114 /* Views */ = {
			isa = PBXGroup;
			children = (
				7DC3194C28848D750059B114 /* WelcomeScreenView.swift */,
				7DC3194E28848DBA0059B114 /* HomeScreenView.swift */,
			);
			path = Views;
			sourceTree = "<group>";
		};
/* End PBXGroup section */

/* Begin PBXNativeTarget section */
		7D47A16A28846B100000B4F0 /* Plant-app-swiftui */ = {
			isa = PBXNativeTarget;
			buildConfigurationList = 7D47A18F28846B110000B4F0 /* Build configuration list for PBXNativeTarget "Plant-app-swiftui" */;
			buildPhases = (
				7D47A16728846B100000B4F0 /* Sources */,
				7D47A16828846B100000B4F0 /* Frameworks */,
				7D47A16928846B100000B4F0 /* Resources */,
			);
			buildRules = (
			);
			dependencies = (
			);
			name = "Plant-app-swiftui";
			productName = "Plant-app-swiftui";
			productReference = 7D47A16B28846B100000B4F0 /* Plant-app-swiftui.app */;
			productType = "com.apple.product-type.application";
		};
		7D47A17A28846B110000B4F0 /* Plant-app-swiftuiTests */ = {
			isa = PBXNativeTarget;
			buildConfigurationList = 7D47A19228846B110000B4F0 /* Build configuration list for PBXNativeTarget "Plant-app-swiftuiTests" */;
			buildPhases = (
				7D47A17728846B110000B4F0 /* Sources */,
				7D47A17828846B110000B4F0 /* Frameworks */,
				7D47A17928846B110000B4F0 /* Resources */,
			);
			buildRules = (
			);
			dependencies = (
				7D47A17D28846B110000B4F0 /* PBXTargetDependency */,
			);
			name = "Plant-app-swiftuiTests";
			productName = "Plant-app-swiftuiTests";
			productReference = 7D47A17B28846B110000B4F0 /* Plant-app-swiftuiTests.xctest */;
			productType = "com.apple.product-type.bundle.unit-test";
		};
		7D47A18428846B110000B4F0 /* Plant-app-swiftuiUITests */ = {
			isa = PBXNativeTarget;
			buildConfigurationList = 7D47A19528846B110000B4F0 /* Build configuration list for PBXNativeTarget "Plant-app-swiftuiUITests" */;
			buildPhases = (
				7D47A18128846B110000B4F0 /* Sources */,
				7D47A18228846B110000B4F0 /* Frameworks */,
				7D47A18328846B110000B4F0 /* Resources */,
			);
			buildRules = (
			);
			dependencies = (
				7D47A18728846B110000B4F0 /* PBXTargetDependency */,
			);
			name = "Plant-app-swiftuiUITests";
			productName = "Plant-app-swiftuiUITests";
			productReference = 7D47A18528846B110000B4F0 /* Plant-app-swiftuiUITests.xctest */;
			productType = "com.apple.product-type.bundle.ui-testing";
		};
/* End PBXNativeTarget section */

/* Begin PBXProject section */
		7D47A16328846B100000B4F0 /* Project object */ = {
			isa = PBXProject;
			attributes = {
				BuildIndependentTargetsInParallel = 1;
				LastSwiftUpdateCheck = 1400;
				LastUpgradeCheck = 1400;
				TargetAttributes = {
					7D47A16A28846B100000B4F0 = {
						CreatedOnToolsVersion = 14.0;
					};
					7D47A17A28846B110000B4F0 = {
						CreatedOnToolsVersion = 14.0;
						TestTargetID = 7D47A16A28846B100000B4F0;
					};
					7D47A18428846B110000B4F0 = {
						CreatedOnToolsVersion = 14.0;
						TestTargetID = 7D47A16A28846B100000B4F0;
					};
				};
			};
			buildConfigurationList = 7D47A16628846B100000B4F0 /* Build configuration list for PBXProject "Plant-app-swiftui" */;
			compatibilityVersion = "Xcode 14.0";
			developmentRegion = en;
			hasScannedForEncodings = 0;
			knownRegions = (
				en,
				Base,
			);
			mainGroup = 7D47A16228846B100000B4F0;
			productRefGroup = 7D47A16C28846B100000B4F0 /* Products */;
			projectDirPath = "";
			projectRoot = "";
			targets = (
				7D47A16A28846B100000B4F0 /* Plant-app-swiftui */,
				7D47A17A28846B110000B4F0 /* Plant-app-swiftuiTests */,
				7D47A18428846B110000B4F0 /* Plant-app-swiftuiUITests */,
			);
		};
/* End PBXProject section */

/* Begin PBXResourcesBuildPhase section */
		7D47A16928846B100000B4F0 /* Resources */ = {
			isa = PBXResourcesBuildPhase;
			buildActionMask = 2147483647;
			files = (
				7D47A17628846B110000B4F0 /* Preview Assets.xcassets in Resources */,
				7D47A17328846B110000B4F0 /* Assets.xcassets in Resources */,
			);
			runOnlyForDeploymentPostprocessing = 0;
		};
		7D47A17928846B110000B4F0 /* Resources */ = {
			isa = PBXResourcesBuildPhase;
			buildActionMask = 2147483647;
			files = (
			);
			runOnlyForDeploymentPostprocessing = 0;
		};
		7D47A18328846B110000B4F0 /* Resources */ = {
			isa = PBXResourcesBuildPhase;
			buildActionMask = 2147483647;
			files = (
			);
			runOnlyForDeploymentPostprocessing = 0;
		};
/* End PBXResourcesBuildPhase section */

/* Begin PBXSourcesBuildPhase section */
		7D47A16728846B100000B4F0 /* Sources */ = {
			isa = PBXSourcesBuildPhase;
			buildActionMask = 2147483647;
			files = (
				7DC3194D28848D750059B114 /* WelcomeScreenView.swift in Sources */,
				7D47A17128846B100000B4F0 /* ContentView.swift in Sources */,
				7D47A16F28846B100000B4F0 /* Plant_app_swiftuiApp.swift in Sources */,
				7DC3194F28848DBA0059B114 /* HomeScreenView.swift in Sources */,
			);
			runOnlyForDeploymentPostprocessing = 0;
		};
		7D47A17728846B110000B4F0 /* Sources */ = {
			isa = PBXSourcesBuildPhase;
			buildActionMask = 2147483647;
			files = (
				7D47A18028846B110000B4F0 /* Plant_app_swiftuiTests.swift in Sources */,
			);
			runOnlyForDeploymentPostprocessing = 0;
		};
		7D47A18128846B110000B4F0 /* Sources */ = {
			isa = PBXSourcesBuildPhase;
			buildActionMask = 2147483647;
			files = (
				7D47A18C28846B110000B4F0 /* Plant_app_swiftuiUITestsLaunchTests.swift in Sources */,
				7D47A18A28846B110000B4F0 /* Plant_app_swiftuiUITests.swift in Sources */,
			);
			runOnlyForDeploymentPostprocessing = 0;
		};
/* End PBXSourcesBuildPhase section */

/* Begin PBXTargetDependency section */
		7D47A17D28846B110000B4F0 /* PBXTargetDependency */ = {
			isa = PBXTargetDependency;
			target = 7D47A16A28846B100000B4F0 /* Plant-app-swiftui */;
			targetProxy = 7D47A17C28846B110000B4F0 /* PBXContainerItemProxy */;
		};
		7D47A18728846B110000B4F0 /* PBXTargetDependency */ = {
			isa = PBXTargetDependency;
			target = 7D47A16A28846B100000B4F0 /* Plant-app-swiftui */;
			targetProxy = 7D47A18628846B110000B4F0 /* PBXContainerItemProxy */;
		};
/* End PBXTargetDependency section */

/* Begin XCBuildConfiguration section */
		7D47A18D28846B110000B4F0 /* Debug */ = {
			isa = XCBuildConfiguration;
			buildSettings = {
				ALWAYS_SEARCH_USER_PATHS = NO;
				CLANG_ANALYZER_NONNULL = YES;
				CLANG_ANALYZER_NUMBER_OBJECT_CONVERSION = YES_AGGRESSIVE;
				CLANG_CXX_LANGUAGE_STANDARD = "gnu++20";
				CLANG_ENABLE_MODULES = YES;
				CLANG_ENABLE_OBJC_ARC = YES;
				CLANG_ENABLE_OBJC_WEAK = YES;
				CLANG_WARN_BLOCK_CAPTURE_AUTORELEASING = YES;
				CLANG_WARN_BOOL_CONVERSION = YES;
				CLANG_WARN_COMMA = YES;
				CLANG_WARN_CONSTANT_CONVERSION = YES;
				CLANG_WARN_DEPRECATED_OBJC_IMPLEMENTATIONS = YES;
				CLANG_WARN_DIRECT_OBJC_ISA_USAGE = YES_ERROR;
				CLANG_WARN_DOCUMENTATION_COMMENTS = YES;
				CLANG_WARN_EMPTY_BODY = YES;
				CLANG_WARN_ENUM_CONVERSION = YES;
				CLANG_WARN_INFINITE_RECURSION = YES;
				CLANG_WARN_INT_CONVERSION = YES;
				CLANG_WARN_NON_LITERAL_NULL_CONVERSION = YES;
				CLANG_WARN_OBJC_IMPLICIT_RETAIN_SELF = YES;
				CLANG_WARN_OBJC_LITERAL_CONVERSION = YES;
				CLANG_WARN_OBJC_ROOT_CLASS = YES_ERROR;
				CLANG_WARN_QUOTED_INCLUDE_IN_FRAMEWORK_HEADER = YES;
				CLANG_WARN_RANGE_LOOP_ANALYSIS = YES;
				CLANG_WARN_STRICT_PROTOTYPES = YES;
				CLANG_WARN_SUSPICIOUS_MOVE = YES;
				CLANG_WARN_UNGUARDED_AVAILABILITY = YES_AGGRESSIVE;
				CLANG_WARN_UNREACHABLE_CODE = YES;
				CLANG_WARN__DUPLICATE_METHOD_MATCH = YES;
				COPY_PHASE_STRIP = NO;
				DEBUG_INFORMATION_FORMAT = dwarf;
				ENABLE_STRICT_OBJC_MSGSEND = YES;
				ENABLE_TESTABILITY = YES;
				GCC_C_LANGUAGE_STANDARD = gnu11;
				GCC_DYNAMIC_NO_PIC = NO;
				GCC_NO_COMMON_BLOCKS = YES;
				GCC_OPTIMIZATION_LEVEL = 0;
				GCC_PREPROCESSOR_DEFINITIONS = (
					"DEBUG=1",
					"$(inherited)",
				);
				GCC_WARN_64_TO_32_BIT_CONVERSION = YES;
				GCC_WARN_ABOUT_RETURN_TYPE = YES_ERROR;
				GCC_WARN_UNDECLARED_SELECTOR = YES;
				GCC_WARN_UNINITIALIZED_AUTOS = YES_AGGRESSIVE;
				GCC_WARN_UNUSED_FUNCTION = YES;
				GCC_WARN_UNUSED_VARIABLE = YES;
				IPHONEOS_DEPLOYMENT_TARGET = 16.0;
				MTL_ENABLE_DEBUG_INFO = INCLUDE_SOURCE;
				MTL_FAST_MATH = YES;
				ONLY_ACTIVE_ARCH = YES;
				SDKROOT = iphoneos;
				SWIFT_ACTIVE_COMPILATION_CONDITIONS = DEBUG;
				SWIFT_OPTIMIZATION_LEVEL = "-Onone";
			};
			name = Debug;
		};
		7D47A18E28846B110000B4F0 /* Release */ = {
			isa = XCBuildConfiguration;
			buildSettings = {
				ALWAYS_SEARCH_USER_PATHS = NO;
				CLANG_ANALYZER_NONNULL = YES;
				CLANG_ANALYZER_NUMBER_OBJECT_CONVERSION = YES_AGGRESSIVE;
				CLANG_CXX_LANGUAGE_STANDARD = "gnu++20";
				CLANG_ENABLE_MODULES = YES;
				CLANG_ENABLE_OBJC_ARC = YES;
				CLANG_ENABLE_OBJC_WEAK = YES;
				CLANG_WARN_BLOCK_CAPTURE_AUTORELEASING = YES;
				CLANG_WARN_BOOL_CONVERSION = YES;
				CLANG_WARN_COMMA = YES;
				CLANG_WARN_CONSTANT_CONVERSION = YES;
				CLANG_WARN_DEPRECATED_OBJC_IMPLEMENTATIONS = YES;
				CLANG_WARN_DIRECT_OBJC_ISA_USAGE = YES_ERROR;
				CLANG_WARN_DOCUMENTATION_COMMENTS = YES;
				CLANG_WARN_EMPTY_BODY = YES;
				CLANG_WARN_ENUM_CONVERSION = YES;
				CLANG_WARN_INFINITE_RECURSION = YES;
				CLANG_WARN_INT_CONVERSION = YES;
				CLANG_WARN_NON_LITERAL_NULL_CONVERSION = YES;
				CLANG_WARN_OBJC_IMPLICIT_RETAIN_SELF = YES;
				CLANG_WARN_OBJC_LITERAL_CONVERSION = YES;
				CLANG_WARN_OBJC_ROOT_CLASS = YES_ERROR;
				CLANG_WARN_QUOTED_INCLUDE_IN_FRAMEWORK_HEADER = YES;
				CLANG_WARN_RANGE_LOOP_ANALYSIS = YES;
				CLANG_WARN_STRICT_PROTOTYPES = YES;
				CLANG_WARN_SUSPICIOUS_MOVE = YES;
				CLANG_WARN_UNGUARDED_AVAILABILITY = YES_AGGRESSIVE;
				CLANG_WARN_UNREACHABLE_CODE = YES;
				CLANG_WARN__DUPLICATE_METHOD_MATCH = YES;
				COPY_PHASE_STRIP = NO;
				DEBUG_INFORMATION_FORMAT = "dwarf-with-dsym";
				ENABLE_NS_ASSERTIONS = NO;
				ENABLE_STRICT_OBJC_MSGSEND = YES;
				GCC_C_LANGUAGE_STANDARD = gnu11;
				GCC_NO_COMMON_BLOCKS = YES;
				GCC_WARN_64_TO_32_BIT_CONVERSION = YES;
				GCC_WARN_ABOUT_RETURN_TYPE = YES_ERROR;
				GCC_WARN_UNDECLARED_SELECTOR = YES;
				GCC_WARN_UNINITIALIZED_AUTOS = YES_AGGRESSIVE;
				GCC_WARN_UNUSED_FUNCTION = YES;
				GCC_WARN_UNUSED_VARIABLE = YES;
				IPHONEOS_DEPLOYMENT_TARGET = 16.0;
				MTL_ENABLE_DEBUG_INFO = NO;
				MTL_FAST_MATH = YES;
				SDKROOT = iphoneos;
				SWIFT_COMPILATION_MODE = wholemodule;
				SWIFT_OPTIMIZATION_LEVEL = "-O";
				VALIDATE_PRODUCT = YES;
			};
			name = Release;
		};
		7D47A19028846B110000B4F0 /* Debug */ = {
			isa = XCBuildConfiguration;
			buildSettings = {
				ASSETCATALOG_COMPILER_APPICON_NAME = AppIcon;
				ASSETCATALOG_COMPILER_GLOBAL_ACCENT_COLOR_NAME = AccentColor;
				CODE_SIGN_STYLE = Automatic;
				CURRENT_PROJECT_VERSION = 1;
				DEVELOPMENT_ASSET_PATHS = "\"Plant-app-swiftui/Preview Content\"";
				DEVELOPMENT_TEAM = 8M4VMWD9G6;
				ENABLE_PREVIEWS = YES;
				GENERATE_INFOPLIST_FILE = YES;
				INFOPLIST_KEY_UIApplicationSceneManifest_Generation = YES;
				INFOPLIST_KEY_UIApplicationSupportsIndirectInputEvents = YES;
				INFOPLIST_KEY_UILaunchScreen_Generation = YES;
				INFOPLIST_KEY_UISupportedInterfaceOrientations_iPad = "UIInterfaceOrientationPortrait UIInterfaceOrientationPortraitUpsideDown UIInterfaceOrientationLandscapeLeft UIInterfaceOrientationLandscapeRight";
				INFOPLIST_KEY_UISupportedInterfaceOrientations_iPhone = "UIInterfaceOrientationPortrait UIInterfaceOrientationLandscapeLeft UIInterfaceOrientationLandscapeRight";
				LD_RUNPATH_SEARCH_PATHS = (
					"$(inherited)",
					"@executable_path/Frameworks",
				);
				MARKETING_VERSION = 1.0;
				PRODUCT_BUNDLE_IDENTIFIER = "com.charlesrobertsdesign.Plant-app-swiftui";
				PRODUCT_NAME = "$(TARGET_NAME)";
				SWIFT_EMIT_LOC_STRINGS = YES;
				SWIFT_VERSION = 5.0;
				TARGETED_DEVICE_FAMILY = "1,2";
			};
			name = Debug;
		};
		7D47A19128846B110000B4F0 /* Release */ = {
			isa = XCBuildConfiguration;
			buildSettings = {
				ASSETCATALOG_COMPILER_APPICON_NAME = AppIcon;
				ASSETCATALOG_COMPILER_GLOBAL_ACCENT_COLOR_NAME = AccentColor;
				CODE_SIGN_STYLE = Automatic;
				CURRENT_PROJECT_VERSION = 1;
				DEVELOPMENT_ASSET_PATHS = "\"Plant-app-swiftui/Preview Content\"";
				DEVELOPMENT_TEAM = 8M4VMWD9G6;
				ENABLE_PREVIEWS = YES;
				GENERATE_INFOPLIST_FILE = YES;
				INFOPLIST_KEY_UIApplicationSceneManifest_Generation = YES;
				INFOPLIST_KEY_UIApplicationSupportsIndirectInputEvents = YES;
				INFOPLIST_KEY_UILaunchScreen_Generation = YES;
				INFOPLIST_KEY_UISupportedInterfaceOrientations_iPad = "UIInterfaceOrientationPortrait UIInterfaceOrientationPortraitUpsideDown UIInterfaceOrientationLandscapeLeft UIInterfaceOrientationLandscapeRight";
				INFOPLIST_KEY_UISupportedInterfaceOrientations_iPhone = "UIInterfaceOrientationPortrait UIInterfaceOrientationLandscapeLeft UIInterfaceOrientationLandscapeRight";
				LD_RUNPATH_SEARCH_PATHS = (
					"$(inherited)",
					"@executable_path/Frameworks",
				);
				MARKETING_VERSION = 1.0;
				PRODUCT_BUNDLE_IDENTIFIER = "com.charlesrobertsdesign.Plant-app-swiftui";
				PRODUCT_NAME = "$(TARGET_NAME)";
				SWIFT_EMIT_LOC_STRINGS = YES;
				SWIFT_VERSION = 5.0;
				TARGETED_DEVICE_FAMILY = "1,2";
			};
			name = Release;
		};
		7D47A19328846B110000B4F0 /* Debug */ = {
			isa = XCBuildConfiguration;
			buildSettings = {
				ALWAYS_EMBED_SWIFT_STANDARD_LIBRARIES = YES;
				BUNDLE_LOADER = "$(TEST_HOST)";
				CODE_SIGN_STYLE = Automatic;
				CURRENT_PROJECT_VERSION = 1;
				DEVELOPMENT_TEAM = 8M4VMWD9G6;
				GENERATE_INFOPLIST_FILE = YES;
				IPHONEOS_DEPLOYMENT_TARGET = 16.0;
				MARKETING_VERSION = 1.0;
				PRODUCT_BUNDLE_IDENTIFIER = "com.charlesrobertsdesign.Plant-app-swiftuiTests";
				PRODUCT_NAME = "$(TARGET_NAME)";
				SWIFT_EMIT_LOC_STRINGS = NO;
				SWIFT_VERSION = 5.0;
				TARGETED_DEVICE_FAMILY = "1,2";
				TEST_HOST = "$(BUILT_PRODUCTS_DIR)/Plant-app-swiftui.app/$(BUNDLE_EXECUTABLE_FOLDER_PATH)/Plant-app-swiftui";
			};
			name = Debug;
		};
		7D47A19428846B110000B4F0 /* Release */ = {
			isa = XCBuildConfiguration;
			buildSettings = {
				ALWAYS_EMBED_SWIFT_STANDARD_LIBRARIES = YES;
				BUNDLE_LOADER = "$(TEST_HOST)";
				CODE_SIGN_STYLE = Automatic;
				CURRENT_PROJECT_VERSION = 1;
				DEVELOPMENT_TEAM = 8M4VMWD9G6;
				GENERATE_INFOPLIST_FILE = YES;
				IPHONEOS_DEPLOYMENT_TARGET = 16.0;
				MARKETING_VERSION = 1.0;
				PRODUCT_BUNDLE_IDENTIFIER = "com.charlesrobertsdesign.Plant-app-swiftuiTests";
				PRODUCT_NAME = "$(TARGET_NAME)";
				SWIFT_EMIT_LOC_STRINGS = NO;
				SWIFT_VERSION = 5.0;
				TARGETED_DEVICE_FAMILY = "1,2";
				TEST_HOST = "$(BUILT_PRODUCTS_DIR)/Plant-app-swiftui.app/$(BUNDLE_EXECUTABLE_FOLDER_PATH)/Plant-app-swiftui";
			};
			name = Release;
		};
		7D47A19628846B110000B4F0 /* Debug */ = {
			isa = XCBuildConfiguration;
			buildSettings = {
				ALWAYS_EMBED_SWIFT_STANDARD_LIBRARIES = YES;
				CODE_SIGN_STYLE = Automatic;
				CURRENT_PROJECT_VERSION = 1;
				DEVELOPMENT_TEAM = 8M4VMWD9G6;
				GENERATE_INFOPLIST_FILE = YES;
				MARKETING_VERSION = 1.0;
				PRODUCT_BUNDLE_IDENTIFIER = "com.charlesrobertsdesign.Plant-app-swiftuiUITests";
				PRODUCT_NAME = "$(TARGET_NAME)";
				SWIFT_EMIT_LOC_STRINGS = NO;
				SWIFT_VERSION = 5.0;
				TARGETED_DEVICE_FAMILY = "1,2";
				TEST_TARGET_NAME = "Plant-app-swiftui";
			};
			name = Debug;
		};
		7D47A19728846B110000B4F0 /* Release */ = {
			isa = XCBuildConfiguration;
			buildSettings = {
				ALWAYS_EMBED_SWIFT_STANDARD_LIBRARIES = YES;
				CODE_SIGN_STYLE = Automatic;
				CURRENT_PROJECT_VERSION = 1;
				DEVELOPMENT_TEAM = 8M4VMWD9G6;
				GENERATE_INFOPLIST_FILE = YES;
				MARKETING_VERSION = 1.0;
				PRODUCT_BUNDLE_IDENTIFIER = "com.charlesrobertsdesign.Plant-app-swiftuiUITests";
				PRODUCT_NAME = "$(TARGET_NAME)";
				SWIFT_EMIT_LOC_STRINGS = NO;
				SWIFT_VERSION = 5.0;
				TARGETED_DEVICE_FAMILY = "1,2";
				TEST_TARGET_NAME = "Plant-app-swiftui";
			};
			name = Release;
		};
/* End XCBuildConfiguration section */

/* Begin XCConfigurationList section */
		7D47A16628846B100000B4F0 /* Build configuration list for PBXProject "Plant-app-swiftui" */ = {
			isa = XCConfigurationList;
			buildConfigurations = (
				7D47A18D28846B110000B4F0 /* Debug */,
				7D47A18E28846B110000B4F0 /* Release */,
			);
			defaultConfigurationIsVisible = 0;
			defaultConfigurationName = Release;
		};
		7D47A18F28846B110000B4F0 /* Build configuration list for PBXNativeTarget "Plant-app-swiftui" */ = {
			isa = XCConfigurationList;
			buildConfigurations = (
				7D47A19028846B110000B4F0 /* Debug */,
				7D47A19128846B110000B4F0 /* Release */,
			);
			defaultConfigurationIsVisible = 0;
			defaultConfigurationName = Release;
		};
		7D47A19228846B110000B4F0 /* Build configuration list for PBXNativeTarget "Plant-app-swiftuiTests" */ = {
			isa = XCConfigurationList;
			buildConfigurations = (
				7D47A19328846B110000B4F0 /* Debug */,
				7D47A19428846B110000B4F0 /* Release */,
			);
			defaultConfigurationIsVisible = 0;
			defaultConfigurationName = Release;
		};
		7D47A19528846B110000B4F0 /* Build configuration list for PBXNativeTarget "Plant-app-swiftuiUITests" */ = {
			isa = XCConfigurationList;
			buildConfigurations = (
				7D47A19628846B110000B4F0 /* Debug */,
				7D47A19728846B110000B4F0 /* Release */,
			);
			defaultConfigurationIsVisible = 0;
			defaultConfigurationName = Release;
		};
/* End XCConfigurationList section */
	};
	rootObject = 7D47A16328846B100000B4F0 /* Project object */;
}
